dependencies:
  espressif/button:
    component_hash: 30a3f495c3862d505ce6e41adbbd218b2750e9723ab2151feff00e9fe685b326
    dependencies:
    - name: espressif/cmake_utilities
      registry_url: https://components.espressif.com
      require: private
      version: 0.*
    - name: idf
      require: private
      version: '>=4.0'
    source:
      registry_url: https://components.espressif.com/
      type: service
    version: 3.5.0
  espressif/cbor:
    component_hash: dad9ca860963e930366510a10b422b3125a4fb27b979712ed65efcbcd742de50
    dependencies:
    - name: idf
      require: private
      version: '>=5.0'
    source:
      registry_url: https://components.espressif.com
      type: service
    version: 0.6.1~4
  espressif/cmake_utilities:
    component_hash: 351350613ceafba240b761b4ea991e0f231ac7a9f59a9ee901f751bddc0bb18f
    dependencies:
    - name: idf
      require: private
      version: '>=4.1'
    source:
      registry_url: https://components.espressif.com
      type: service
    version: 0.5.3
  espressif/esp-box-3:
    component_hash: 9afc6dd09f779dfc9f7b1b15f129b5dbed6235a20c5991a4d30304c8705a48f4
    dependencies:
    - name: espressif/button
      registry_url: https://components.espressif.com
      require: public
      version: '>=2.5'
    - name: espressif/esp_codec_dev
      registry_url: https://components.espressif.com
      require: public
      version: ^1,<1.2
    - name: espressif/esp_lcd_ili9341
      registry_url: https://components.espressif.com
      require: private
      version: ^1
    - name: espressif/esp_lcd_touch_gt911
      registry_url: https://components.espressif.com
      require: private
      version: ^1
    - name: espressif/esp_lcd_touch_tt21100
      registry_url: https://components.espressif.com
      require: private
      version: ^1
    - name: idf
      require: private
      version: '>=4.4.5'
    - name: espressif/esp_lvgl_port
      registry_url: https://components.espressif.com
      require: public
      version: ^2
    - name: espressif/icm42670
      registry_url: https://components.espressif.com
      require: public
      version: ^1
    source:
      registry_url: https://components.espressif.com/
      type: service
    targets:
    - esp32s3
    version: 1.2.0~2
  espressif/esp_codec_dev:
    component_hash: 1a3a2e518cd8b52e8796ec393a4050977f8f113599056faf085a02a57e194f86
    dependencies:
    - name: idf
      require: private
      version: '>=4.0'
    source:
      registry_url: https://components.espressif.com/
      type: service
    version: 1.1.0
  espressif/esp_daylight:
    component_hash: e27629eb7e12da9e6d01c646e0e4ce6358b977b6f89d4f291a4cc1aea755af94
    dependencies:
    - name: idf
      require: private
      version: '>=5.1'
    source:
      registry_url: https://components.espressif.com
      type: service
    version: 1.0.1
  espressif/esp_jpeg:
    component_hash: defb83669293cbf86d0fa86b475ba5517aceed04ed70db435388c151ab37b5d7
    dependencies:
    - name: idf
      require: private
      version: '>=5.0'
    source:
      registry_url: https://components.espressif.com/
      type: service
    version: 1.3.1
  espressif/esp_lcd_ili9341:
    component_hash: 31f1b793aa2110dd2ae071c21ccbff0a4eb20d9a4ee40b6294c0dc0ad9552c4e
    dependencies:
    - name: idf
      require: private
      version: '>=4.4'
    - name: espressif/cmake_utilities
      registry_url: https://components.espressif.com
      require: private
      version: 0.*
    source:
      registry_url: https://components.espressif.com
      type: service
    version: 1.2.0
  espressif/esp_lcd_touch:
    component_hash: 3f85a7d95af876f1a6ecca8eb90a81614890d0f03a038390804e5a77e2caf862
    dependencies:
    - name: idf
      require: private
      version: '>=4.4.2'
    source:
      registry_url: https://components.espressif.com
      type: service
    version: 1.2.1
  espressif/esp_lcd_touch_gt911:
    component_hash: be02e243d18b9a661bc13b0d22c0a5cfa3f708cf04d6eb059772276c8c8a4d76
    dependencies:
    - name: espressif/esp_lcd_touch
      registry_url: https://components.espressif.com
      require: public
      version: ^1.2.0
    - name: idf
      require: private
      version: '>=4.4.2'
    source:
      registry_url: https://components.espressif.com
      type: service
    version: 1.2.0~1
  espressif/esp_lcd_touch_tt21100:
    component_hash: e2d28cc23cf4dacf4340710fbe4b79a95fcae58f3a38975c1615bce59cfbdc36
    dependencies:
    - name: espressif/esp_lcd_touch
      registry_url: https://components.espressif.com
      require: public
      version: ^1.2.0
    - name: idf
      require: private
      version: '>=4.4.2'
    source:
      registry_url: https://components.espressif.com
      type: service
    version: 1.2.0
  espressif/esp_lvgl_port:
    component_hash: f872401524cb645ee6ff1c9242d44fb4ddcfd4d37d7be8b9ed3f4e85a404efcd
    dependencies:
    - name: idf
      require: private
      version: '>=5.1'
    - name: lvgl/lvgl
      registry_url: https://components.espressif.com
      require: public
      version: '>=8,<10'
    source:
      registry_url: https://components.espressif.com
      type: service
    version: 2.7.0
  espressif/esp_rainmaker:
    component_hash: 8b3756102a907da7f3e736bad5d76b27c22a700744302f74a5d94d84c62f2b6a
    dependencies:
    - name: espressif/cbor
      registry_url: https://components.espressif.com
      require: private
      version: ~0.6
    - name: espressif/esp_schedule
      registry_url: https://components.espressif.com
      require: private
      version: ~1.3.2
    - name: espressif/esp_secure_cert_mgr
      registry_url: https://components.espressif.com
      require: private
      version: ^2.2.1
    - name: espressif/json_generator
      registry_url: https://components.espressif.com
      require: private
      version: ~1.1.1
    - name: espressif/json_parser
      registry_url: https://components.espressif.com
      require: private
      version: ~1.0.3
    - name: espressif/mdns
      registry_url: https://components.espressif.com
      require: private
      version: ^1.9.0
    - name: espressif/network_provisioning
      registry_url: https://components.espressif.com
      require: private
      version: '>=1.*'
    - name: espressif/rmaker_common
      registry_url: https://components.espressif.com
      require: private
      version: '>=1.5.3'
    - name: idf
      require: private
      version: '>=5.1'
    source:
      registry_url: https://components.espressif.com/
      type: service
    version: 1.10.0
  espressif/esp_schedule:
    component_hash: 024e1ee23cab447e800519f704193cb5b5652297d86811e6e6c653dea42d8bb1
    dependencies:
    - name: espressif/esp_daylight
      registry_url: https://components.espressif.com
      require: private
      version: ~1.0.1
    - name: idf
      require: private
      version: '>=5.1'
    source:
      registry_url: https://components.espressif.com
      type: service
    version: 1.3.2
  espressif/esp_secure_cert_mgr:
    component_hash: 29248e402b2014394228b289a3c02fdb1dc43168ef18fc83449a868dfbc2341f
    dependencies:
    - name: idf
      require: private
      version: '>=4.3'
    source:
      registry_url: https://components.espressif.com
      type: service
    version: 2.8.0
  espressif/icm42670:
    component_hash: 3327870e7a125e7278f318297726138278f0cda2898f2461c01af0423d4afcda
    dependencies:
    - name: idf
      require: private
      version: '>=4.4'
    source:
      registry_url: https://components.espressif.com
      type: service
    version: 1.0.0
  espressif/jsmn:
    component_hash: d80350c41bbaa827c98a25b6072df00884e72f54885996fab4a4f0aebce6b6c3
    dependencies:
    - name: idf
      require: private
      version: '>=4.3'
    source:
      registry_url: https://components.espressif.com
      type: service
    version: 1.1.0
  espressif/json_generator:
    component_hash: 45033e1c199b13f1c8c1b544fb7d4e2df6a8e3071ebdcb1b22582b61a7974ff2
    dependencies: []
    source:
      registry_url: https://components.espressif.com
      type: service
    version: 1.1.2
  espressif/json_parser:
    component_hash: d74b81729ad06ec11ff5eb5b1b0d7df1d00e6027fc11471f4b139c70dcf1b1e4
    dependencies:
    - name: espressif/jsmn
      registry_url: https://components.espressif.com
      require: private
      rules:
      - if: idf_version >=5.0
      version: ~1.1
    source:
      registry_url: https://components.espressif.com
      type: service
    version: 1.0.3
  espressif/mdns:
    component_hash: 29e47564b1a7ee778135e17fbbf2a2773f71c97ebabfe626c8eda7c958a7ad16
    dependencies:
    - name: idf
      require: private
      version: '>=5.0'
    source:
      registry_url: https://components.espressif.com
      type: service
    version: 1.9.1
  espressif/network_provisioning:
    component_hash: 555eb2a32ed8db0e9996dfc781efc15e637bfc14335006b9be68e6fd3b1ca06c
    dependencies:
    - name: espressif/cjson
      registry_url: https://components.espressif.com
      require: private
      rules:
      - if: idf_version >= 6.0
      version: ^1.7.19
    - name: idf
      require: private
      version: '>=5.1'
    source:
      registry_url: https://components.espressif.com
      type: service
    version: 1.2.2
  espressif/rmaker_common:
    component_hash: 842d2aaf486a24f11827a86b1147ee8ac7e1881f45e3d65a2141aff5bcbf276a
    dependencies:
    - name: idf
      require: private
      version: '>=5.1'
    source:
      registry_url: https://components.espressif.com
      type: service
    version: 1.5.3
  idf:
    source:
      type: idf
    version: 5.5.2
  lvgl/lvgl:
    component_hash: 17e68bfd21f0edf4c3ee838e2273da840bf3930e5dbc3bfa6c1190c3aed41f9f
    dependencies: []
    source:
      registry_url: https://components.espressif.com
      type: service
    version: 9.4.0
direct_dependencies:
- espressif/button
- espressif/esp-box-3
- espressif/esp_codec_dev
- espressif/esp_jpeg
- espressif/esp_rainmaker
manifest_hash: 10acfc9e49460418f72d82d648702354e1c3e6279bd215941a1bdc90bc0c8575
target: esp32s3
version: 2.0.0
